{
  "name": "Indicador",
  "lockfileVersion": 3,
  "requires": true,
  "packages": {
    "": {
      "dependencies": {
        "@syncfusion/ej2-react-circulargauge": "^32.1.24"
      }
    },
    "node_modules/@syncfusion/ej2-base": {
      "version": "32.1.24",
      "resolved": "https://registry.npmjs.org/@syncfusion/ej2-base/-/ej2-base-32.1.24.tgz",
      "integrity": "sha512-JXbpTVsh2cEzBcTF9F52oXtQx1dOpFO5iMQO/QV+R3KU5mTENqIKWl7IWqDgS4hMqoT+qE1swBbrAPTy+unVlg==",
      "license": "SEE LICENSE IN license",
      "dependencies": {
        "@syncfusion/ej2-icons": "~32.1.24"
      },
      "bin": {
        "syncfusion-license": "bin/syncfusion-license.js"
      }
    },
    "node_modules/@syncfusion/ej2-circulargauge": {
      "version": "32.1.24",
      "resolved": "https://registry.npmjs.org/@syncfusion/ej2-circulargauge/-/ej2-circulargauge-32.1.24.tgz",
      "integrity": "sha512-PyduS19oZ3Dofe3eXKsdJsuK7V0KOJuvmgS6ILkW5+SW1k3SKtTK4MeO6hJqHpT1muDOLsd3MKYjsD45zNa6IA==",
      "license": "SEE LICENSE IN license",
      "dependencies": {
        "@syncfusion/ej2-base": "~32.1.24",
        "@syncfusion/ej2-pdf-export": "~32.1.24",
        "@syncfusion/ej2-svg-base": "~32.1.24"
      }
    },
    "node_modules/@syncfusion/ej2-compression": {
      "version": "32.1.24",
      "resolved": "https://registry.npmjs.org/@syncfusion/ej2-compression/-/ej2-compression-32.1.24.tgz",
      "integrity": "sha512-HlpQe27QjyEvoPHwOWa+Mzxx/hoyMNZvGfMiVrcbKcs4DQkWyQ9H5E63poJ07V+SzS+2yE8DswVVBAPYm5y/EQ==",
      "license": "SEE LICENSE IN license",
      "dependencies": {
        "@syncfusion/ej2-file-utils": "~32.1.24"
      }
    },
    "node_modules/@syncfusion/ej2-file-utils": {
      "version": "32.1.24",
      "resolved": "https://registry.npmjs.org/@syncfusion/ej2-file-utils/-/ej2-file-utils-32.1.24.tgz",
      "integrity": "sha512-eeseD6EPgJDpKl5r7fKyd4sIE40S06t5ZYX3Z/gM10FWTK1aoMteRIPkRteoD30j92n+8Srvkre1IMYS3Vxo5g==",
      "license": "SEE LICENSE IN license"
    },
    "node_modules/@syncfusion/ej2-icons": {
      "version": "32.1.24",
      "resolved": "https://registry.npmjs.org/@syncfusion/ej2-icons/-/ej2-icons-32.1.24.tgz",
      "integrity": "sha512-Xwexar8y+HE5ikwwtWVCmFnIbOsE5VYWEqa/60f4yf5KElXp2McQWI3ZdNIFd5aNr9JrCQycqKOVIxbx2cLlIg==",
      "license": "SEE LICENSE IN license"
    },
    "node_modules/@syncfusion/ej2-pdf-export": {
      "version": "32.1.24",
      "resolved": "https://registry.npmjs.org/@syncfusion/ej2-pdf-export/-/ej2-pdf-export-32.1.24.tgz",
      "integrity": "sha512-Mm4fvMdWA+CJKVrjxabJbUg0rL4n1NEH1C1BD5Bsb89agKeXGpWsgLhq4pKnXOK+436Mk0jocYx+NI8BpPXuwA==",
      "license": "SEE LICENSE IN license",
      "dependencies": {
        "@syncfusion/ej2-compression": "~32.1.24"
      }
    },
    "node_modules/@syncfusion/ej2-react-base": {
      "version": "32.1.24",
      "resolved": "https://registry.npmjs.org/@syncfusion/ej2-react-base/-/ej2-react-base-32.1.24.tgz",
      "integrity": "sha512-T45MCoCKyMJEynka6alqSPQdu64JUa3ihaXXsQa6Yk9nBl+LPxV/Gj6gMhmZkuZPY+GowAJAql644GGahv2C5g==",
      "license": "SEE LICENSE IN license",
      "dependencies": {
        "@syncfusion/ej2-base": "~32.1.24"
      }
    },
    "node_modules/@syncfusion/ej2-react-circulargauge": {
      "version": "32.1.24",
      "resolved": "https://registry.npmjs.org/@syncfusion/ej2-react-circulargauge/-/ej2-react-circulargauge-32.1.24.tgz",
      "integrity": "sha512-lRJvPpMvK0Z0Ds3XT9ZCKlQFapvOQZIJpbIULTYJfzrj4MmlNgVPWyTE+VsrgndpPwlYVmCoCt8HiyWcaphU8g==",
      "license": "SEE LICENSE IN license",
      "dependencies": {
        "@syncfusion/ej2-base": "~32.1.24",
        "@syncfusion/ej2-circulargauge": "32.1.24",
        "@syncfusion/ej2-react-base": "~32.1.24"
      }
    },
    "node_modules/@syncfusion/ej2-svg-base": {
      "version": "32.1.24",
      "resolved": "https://registry.npmjs.org/@syncfusion/ej2-svg-base/-/ej2-svg-base-32.1.24.tgz",
      "integrity": "sha512-PvbNzWPMdkNZG6IeyRRCRtSly7jC+9GeD7O5QK0bl+SthTK6RT3h4/K914u3Bmurgex0u58+FZwfRJVnbJqlQQ==",
      "license": "SEE LICENSE IN license",
      "dependencies": {
        "@syncfusion/ej2-base": "~32.1.24"
      }
    }
  }
}
